{
  "version": 4,
  "terraform_version": "1.3.4",
  "serial": 436,
  "lineage": "e0248183-3d75-2e04-49c0-f313fb622406",
  "outputs": {
    "default_account": {
      "value": "1029450175593-compute@developer.gserviceaccount.com",
      "type": "string"
    }
  },
  "resources": [
    {
      "mode": "data",
      "type": "google_compute_default_service_account",
      "name": "default",
      "provider": "provider[\"registry.terraform.io/hashicorp/google\"]",
      "instances": [
        {
          "schema_version": 0,
          "attributes": {
            "display_name": "Compute Engine default service account",
            "email": "1029450175593-compute@developer.gserviceaccount.com",
            "id": "projects/eunoia0523/serviceAccounts/1029450175593-compute@developer.gserviceaccount.com",
            "name": "projects/eunoia0523/serviceAccounts/1029450175593-compute@developer.gserviceaccount.com",
            "project": "eunoia0523",
            "unique_id": "104725249525885495745"
          },
          "sensitive_attributes": []
        }
      ]
    },
    {
      "mode": "data",
      "type": "template_file",
      "name": "startup_script",
      "provider": "provider[\"registry.terraform.io/hashicorp/template\"]",
      "instances": [
        {
          "schema_version": 0,
          "attributes": {
            "filename": null,
            "id": "a9fc00f5c98e54e2c6b01622ab8f35d53cfa218ab0d51535810dd3a5aec77eea",
            "rendered": "  echo \"export USE_GKE_GCLOUD_AUTH_PLUGIN=True\" \u003e\u003e /etc/profile\n  sudo yum install -y google-cloud-sdk-gke-gcloud-auth-plugin\n  sudo yum install -y kubectl\n  sudo yum install -y bash-completion\n  source \u003c(kubectl completion bash)\n  echo \"gcloud container clusters get-credentials tf-eb-cluster --zone asia-northeast3 --project eunoia0523 \u003e /dev/null 2\u003e\u00261\" \u003e\u003e /etc/profile\n  echo \"source \u003c(kubectl completion bash)\" \u003e\u003e ~/.bashrc \n  sudo yum remove docker \\\n                  docker-client \\\n                  docker-client-latest \\\n                  docker-common \\\n                  docker-latest \\\n                  docker-latest-logrotate \\\n                  docker-logrotate \\\n                  docker-engine\n  sudo yum install -y yum-utils\n  sudo yum-config-manager \\\n      --add-repo \\\n       https://download.docker.com/linux/centos/docker-ce.repo\n\n  sudo yum -y install docker-ce docker-ce-cli containerd.io docker-compose-plugin\n  systemctl enable --now docker\n  sudo usermod -a -G docker silverbin0523\n",
            "template": "  echo \"export USE_GKE_GCLOUD_AUTH_PLUGIN=True\" \u003e\u003e /etc/profile\n  sudo yum install -y google-cloud-sdk-gke-gcloud-auth-plugin\n  sudo yum install -y kubectl\n  sudo yum install -y bash-completion\n  source \u003c(kubectl completion bash)\n  echo \"gcloud container clusters get-credentials ${cluster_name} --zone ${cluster_zone} --project ${project} \u003e /dev/null 2\u003e\u00261\" \u003e\u003e /etc/profile\n  echo \"source \u003c(kubectl completion bash)\" \u003e\u003e ~/.bashrc \n  sudo yum remove docker \\\n                  docker-client \\\n                  docker-client-latest \\\n                  docker-common \\\n                  docker-latest \\\n                  docker-latest-logrotate \\\n                  docker-logrotate \\\n                  docker-engine\n  sudo yum install -y yum-utils\n  sudo yum-config-manager \\\n      --add-repo \\\n       https://download.docker.com/linux/centos/docker-ce.repo\n\n  sudo yum -y install docker-ce docker-ce-cli containerd.io docker-compose-plugin\n  systemctl enable --now docker\n  sudo usermod -a -G docker silverbin0523\n",
            "vars": {
              "cluster_name": "tf-eb-cluster",
              "cluster_zone": "asia-northeast3",
              "project": "eunoia0523"
            }
          },
          "sensitive_attributes": []
        }
      ]
    },
    {
      "mode": "managed",
      "type": "google_compute_firewall",
      "name": "mig",
      "provider": "provider[\"registry.terraform.io/hashicorp/google\"]",
      "instances": [
        {
          "schema_version": 1,
          "attributes": {
            "allow": [
              {
                "ports": [
                  "80"
                ],
                "protocol": "tcp"
              }
            ],
            "creation_timestamp": "2022-11-16T18:43:21.703-08:00",
            "deny": [],
            "description": "Creates firewall rule targeting tagged instances",
            "destination_ranges": [],
            "direction": "INGRESS",
            "disabled": false,
            "enable_logging": null,
            "id": "projects/eunoia0523/global/firewalls/tf-vpc-allow-web-mig",
            "log_config": [],
            "name": "tf-vpc-allow-web-mig",
            "network": "https://www.googleapis.com/compute/v1/projects/eunoia0523/global/networks/tf-vpc",
            "priority": 1000,
            "project": "eunoia0523",
            "self_link": "https://www.googleapis.com/compute/v1/projects/eunoia0523/global/firewalls/tf-vpc-allow-web-mig",
            "source_ranges": [
              "130.211.0.0/22",
              "35.191.0.0/16"
            ],
            "source_service_accounts": [],
            "source_tags": [],
            "target_service_accounts": [],
            "target_tags": [
              "web-mig"
            ],
            "timeouts": null
          },
          "sensitive_attributes": [],
          "private": "eyJlMmJmYjczMC1lY2FhLTExZTYtOGY4OC0zNDM2M2JjN2M0YzAiOnsiY3JlYXRlIjoyNDAwMDAwMDAwMDAsImRlbGV0ZSI6MjQwMDAwMDAwMDAwLCJ1cGRhdGUiOjI0MDAwMDAwMDAwMH0sInNjaGVtYV92ZXJzaW9uIjoiMSJ9",
          "dependencies": [
            "google_compute_network.tf_vpc"
          ]
        }
      ]
    },
    {
      "mode": "managed",
      "type": "google_compute_firewall",
      "name": "ssh",
      "provider": "provider[\"registry.terraform.io/hashicorp/google\"]",
      "instances": [
        {
          "schema_version": 1,
          "attributes": {
            "allow": [
              {
                "ports": [
                  "22"
                ],
                "protocol": "tcp"
              }
            ],
            "creation_timestamp": "2022-11-16T18:43:21.715-08:00",
            "deny": [],
            "description": "Creates firewall rule targeting tagged instances",
            "destination_ranges": [],
            "direction": "INGRESS",
            "disabled": false,
            "enable_logging": null,
            "id": "projects/eunoia0523/global/firewalls/tf-vpc-allow-ssh",
            "log_config": [],
            "name": "tf-vpc-allow-ssh",
            "network": "https://www.googleapis.com/compute/v1/projects/eunoia0523/global/networks/tf-vpc",
            "priority": 1000,
            "project": "eunoia0523",
            "self_link": "https://www.googleapis.com/compute/v1/projects/eunoia0523/global/firewalls/tf-vpc-allow-ssh",
            "source_ranges": [
              "210.223.188.157/32",
              "35.235.240.0/20"
            ],
            "source_service_accounts": [],
            "source_tags": [],
            "target_service_accounts": [],
            "target_tags": [
              "bastion"
            ],
            "timeouts": null
          },
          "sensitive_attributes": [],
          "private": "eyJlMmJmYjczMC1lY2FhLTExZTYtOGY4OC0zNDM2M2JjN2M0YzAiOnsiY3JlYXRlIjoyNDAwMDAwMDAwMDAsImRlbGV0ZSI6MjQwMDAwMDAwMDAwLCJ1cGRhdGUiOjI0MDAwMDAwMDAwMH0sInNjaGVtYV92ZXJzaW9uIjoiMSJ9",
          "dependencies": [
            "google_compute_network.tf_vpc"
          ]
        }
      ]
    },
    {
      "mode": "managed",
      "type": "google_compute_firewall",
      "name": "web",
      "provider": "provider[\"registry.terraform.io/hashicorp/google\"]",
      "instances": [
        {
          "schema_version": 1,
          "attributes": {
            "allow": [
              {
                "ports": [
                  "80",
                  "8080"
                ],
                "protocol": "tcp"
              }
            ],
            "creation_timestamp": "2022-11-16T18:43:21.729-08:00",
            "deny": [],
            "description": "Creates firewall rule targeting tagged instances",
            "destination_ranges": [],
            "direction": "INGRESS",
            "disabled": false,
            "enable_logging": null,
            "id": "projects/eunoia0523/global/firewalls/tf-vpc-allow-web",
            "log_config": [],
            "name": "tf-vpc-allow-web",
            "network": "https://www.googleapis.com/compute/v1/projects/eunoia0523/global/networks/tf-vpc",
            "priority": 1000,
            "project": "eunoia0523",
            "self_link": "https://www.googleapis.com/compute/v1/projects/eunoia0523/global/firewalls/tf-vpc-allow-web",
            "source_ranges": [
              "0.0.0.0/0"
            ],
            "source_service_accounts": [],
            "source_tags": [],
            "target_service_accounts": [],
            "target_tags": [
              "web-server"
            ],
            "timeouts": null
          },
          "sensitive_attributes": [],
          "private": "eyJlMmJmYjczMC1lY2FhLTExZTYtOGY4OC0zNDM2M2JjN2M0YzAiOnsiY3JlYXRlIjoyNDAwMDAwMDAwMDAsImRlbGV0ZSI6MjQwMDAwMDAwMDAwLCJ1cGRhdGUiOjI0MDAwMDAwMDAwMH0sInNjaGVtYV92ZXJzaW9uIjoiMSJ9",
          "dependencies": [
            "google_compute_network.tf_vpc"
          ]
        }
      ]
    },
    {
      "mode": "managed",
      "type": "google_compute_instance",
      "name": "bastion",
      "provider": "provider[\"registry.terraform.io/hashicorp/google\"]",
      "instances": [
        {
          "schema_version": 6,
          "attributes": {
            "advanced_machine_features": [],
            "allow_stopping_for_update": null,
            "attached_disk": [],
            "boot_disk": [
              {
                "auto_delete": true,
                "device_name": "persistent-disk-0",
                "disk_encryption_key_raw": "",
                "disk_encryption_key_sha256": "",
                "initialize_params": [
                  {
                    "image": "https://www.googleapis.com/compute/v1/projects/rocky-linux-cloud/global/images/rocky-linux-8-optimized-gcp-v20221102",
                    "labels": {},
                    "size": 20,
                    "type": "pd-standard"
                  }
                ],
                "kms_key_self_link": "",
                "mode": "READ_WRITE",
                "source": "https://www.googleapis.com/compute/v1/projects/eunoia0523/zones/asia-northeast3-a/disks/bastion"
              }
            ],
            "can_ip_forward": false,
            "confidential_instance_config": [],
            "cpu_platform": "Intel Broadwell",
            "current_status": "RUNNING",
            "deletion_protection": false,
            "description": "",
            "desired_status": null,
            "enable_display": false,
            "guest_accelerator": [],
            "hostname": "",
            "id": "projects/eunoia0523/zones/asia-northeast3-a/instances/bastion",
            "instance_id": "938986090106961126",
            "label_fingerprint": "42WmSpB8rSM=",
            "labels": null,
            "machine_type": "e2-medium",
            "metadata": null,
            "metadata_fingerprint": "yIkU3VBRCcs=",
            "metadata_startup_script": "  echo \"export USE_GKE_GCLOUD_AUTH_PLUGIN=True\" \u003e\u003e /etc/profile\n  sudo yum install -y google-cloud-sdk-gke-gcloud-auth-plugin\n  sudo yum install -y kubectl\n  sudo yum install -y bash-completion\n  source \u003c(kubectl completion bash)\n  echo \"gcloud container clusters get-credentials tf-eb-cluster --zone asia-northeast3 --project eunoia0523 \u003e /dev/null 2\u003e\u00261\" \u003e\u003e /etc/profile\n  echo \"source \u003c(kubectl completion bash)\" \u003e\u003e ~/.bashrc \n  sudo yum remove docker \\\n                  docker-client \\\n                  docker-client-latest \\\n                  docker-common \\\n                  docker-latest \\\n                  docker-latest-logrotate \\\n                  docker-logrotate \\\n                  docker-engine\n  sudo yum install -y yum-utils\n  sudo yum-config-manager \\\n      --add-repo \\\n       https://download.docker.com/linux/centos/docker-ce.repo\n\n  sudo yum -y install docker-ce docker-ce-cli containerd.io docker-compose-plugin\n  systemctl enable --now docker\n  sudo usermod -a -G docker silverbin0523\n",
            "min_cpu_platform": "",
            "name": "bastion",
            "network_interface": [
              {
                "access_config": [
                  {
                    "nat_ip": "34.64.73.186",
                    "network_tier": "PREMIUM",
                    "public_ptr_domain_name": ""
                  }
                ],
                "alias_ip_range": [],
                "ipv6_access_config": [],
                "ipv6_access_type": "",
                "name": "nic0",
                "network": "https://www.googleapis.com/compute/v1/projects/eunoia0523/global/networks/tf-vpc",
                "network_ip": "10.0.0.41",
                "nic_type": "",
                "queue_count": 0,
                "stack_type": "IPV4_ONLY",
                "subnetwork": "https://www.googleapis.com/compute/v1/projects/eunoia0523/regions/asia-northeast3/subnetworks/tf-subnet",
                "subnetwork_project": "eunoia0523"
              }
            ],
            "project": "eunoia0523",
            "reservation_affinity": [],
            "resource_policies": null,
            "scheduling": [
              {
                "automatic_restart": true,
                "instance_termination_action": "",
                "min_node_cpus": 0,
                "node_affinities": [],
                "on_host_maintenance": "MIGRATE",
                "preemptible": false,
                "provisioning_model": "STANDARD"
              }
            ],
            "scratch_disk": [],
            "self_link": "https://www.googleapis.com/compute/v1/projects/eunoia0523/zones/asia-northeast3-a/instances/bastion",
            "service_account": [
              {
                "email": "1029450175593-compute@developer.gserviceaccount.com",
                "scopes": [
                  "https://www.googleapis.com/auth/cloud-platform"
                ]
              }
            ],
            "shielded_instance_config": [
              {
                "enable_integrity_monitoring": true,
                "enable_secure_boot": false,
                "enable_vtpm": true
              }
            ],
            "tags": [
              "bastion"
            ],
            "tags_fingerprint": "NfTTNVh6sLU=",
            "timeouts": null,
            "zone": "asia-northeast3-a"
          },
          "sensitive_attributes": [],
          "private": "eyJlMmJmYjczMC1lY2FhLTExZTYtOGY4OC0zNDM2M2JjN2M0YzAiOnsiY3JlYXRlIjoxMjAwMDAwMDAwMDAwLCJkZWxldGUiOjEyMDAwMDAwMDAwMDAsInVwZGF0ZSI6MTIwMDAwMDAwMDAwMH0sInNjaGVtYV92ZXJzaW9uIjoiNiJ9",
          "dependencies": [
            "data.google_compute_default_service_account.default",
            "data.template_file.startup_script",
            "google_compute_network.tf_vpc",
            "google_compute_subnetwork.tf_subnet",
            "google_container_cluster.primary"
          ]
        }
      ]
    },
    {
      "mode": "managed",
      "type": "google_compute_network",
      "name": "tf_vpc",
      "provider": "provider[\"registry.terraform.io/hashicorp/google\"]",
      "instances": [
        {
          "schema_version": 0,
          "attributes": {
            "auto_create_subnetworks": false,
            "delete_default_routes_on_create": false,
            "description": "",
            "enable_ula_internal_ipv6": false,
            "gateway_ipv4": "",
            "id": "projects/eunoia0523/global/networks/tf-vpc",
            "internal_ipv6_range": "",
            "mtu": 1460,
            "name": "tf-vpc",
            "project": "eunoia0523",
            "routing_mode": "REGIONAL",
            "self_link": "https://www.googleapis.com/compute/v1/projects/eunoia0523/global/networks/tf-vpc",
            "timeouts": null
          },
          "sensitive_attributes": [],
          "private": "eyJlMmJmYjczMC1lY2FhLTExZTYtOGY4OC0zNDM2M2JjN2M0YzAiOnsiY3JlYXRlIjoyNDAwMDAwMDAwMDAsImRlbGV0ZSI6MjQwMDAwMDAwMDAwLCJ1cGRhdGUiOjI0MDAwMDAwMDAwMH19"
        }
      ]
    },
    {
      "mode": "managed",
      "type": "google_compute_subnetwork",
      "name": "tf_subnet",
      "provider": "provider[\"registry.terraform.io/hashicorp/google\"]",
      "instances": [
        {
          "schema_version": 0,
          "attributes": {
            "creation_timestamp": "2022-11-16T18:43:23.747-08:00",
            "description": "",
            "external_ipv6_prefix": "",
            "fingerprint": null,
            "gateway_address": "10.0.0.1",
            "id": "projects/eunoia0523/regions/asia-northeast3/subnetworks/tf-subnet",
            "ip_cidr_range": "10.0.0.0/16",
            "ipv6_access_type": "",
            "ipv6_cidr_range": "",
            "log_config": [],
            "name": "tf-subnet",
            "network": "https://www.googleapis.com/compute/v1/projects/eunoia0523/global/networks/tf-vpc",
            "private_ip_google_access": false,
            "private_ipv6_google_access": "DISABLE_GOOGLE_ACCESS",
            "project": "eunoia0523",
            "purpose": "PRIVATE",
            "region": "asia-northeast3",
            "role": "",
            "secondary_ip_range": [
              {
                "ip_cidr_range": "10.120.0.0/20",
                "range_name": "gke-tf-eb-cluster-services-45eeccdf"
              },
              {
                "ip_cidr_range": "10.116.0.0/14",
                "range_name": "gke-tf-eb-cluster-pods-45eeccdf"
              }
            ],
            "self_link": "https://www.googleapis.com/compute/v1/projects/eunoia0523/regions/asia-northeast3/subnetworks/tf-subnet",
            "stack_type": "IPV4_ONLY",
            "timeouts": null
          },
          "sensitive_attributes": [],
          "private": "eyJlMmJmYjczMC1lY2FhLTExZTYtOGY4OC0zNDM2M2JjN2M0YzAiOnsiY3JlYXRlIjozNjAwMDAwMDAwMDAsImRlbGV0ZSI6MzYwMDAwMDAwMDAwLCJ1cGRhdGUiOjM2MDAwMDAwMDAwMH19",
          "dependencies": [
            "google_compute_network.tf_vpc"
          ]
        }
      ]
    },
    {
      "mode": "managed",
      "type": "google_container_cluster",
      "name": "primary",
      "provider": "provider[\"registry.terraform.io/hashicorp/google\"]",
      "instances": [
        {
          "schema_version": 1,
          "attributes": {
            "addons_config": [
              {
                "cloudrun_config": [],
                "dns_cache_config": [],
                "gce_persistent_disk_csi_driver_config": [
                  {
                    "enabled": true
                  }
                ],
                "gcp_filestore_csi_driver_config": [],
                "horizontal_pod_autoscaling": [],
                "http_load_balancing": [],
                "network_policy_config": [
                  {
                    "disabled": true
                  }
                ]
              }
            ],
            "authenticator_groups_config": [],
            "binary_authorization": [
              {
                "enabled": false,
                "evaluation_mode": ""
              }
            ],
            "cluster_autoscaling": [
              {
                "auto_provisioning_defaults": [],
                "enabled": false,
                "resource_limits": []
              }
            ],
            "cluster_ipv4_cidr": "10.116.0.0/14",
            "confidential_nodes": [],
            "cost_management_config": [],
            "database_encryption": [
              {
                "key_name": "",
                "state": "DECRYPTED"
              }
            ],
            "datapath_provider": "",
            "default_max_pods_per_node": 110,
            "default_snat_status": [
              {
                "disabled": false
              }
            ],
            "description": "",
            "dns_config": [],
            "enable_autopilot": false,
            "enable_binary_authorization": false,
            "enable_intranode_visibility": false,
            "enable_kubernetes_alpha": false,
            "enable_legacy_abac": false,
            "enable_shielded_nodes": true,
            "enable_tpu": false,
            "endpoint": "34.64.196.163",
            "id": "projects/eunoia0523/locations/asia-northeast3/clusters/tf-eb-cluster",
            "initial_node_count": 1,
            "ip_allocation_policy": [
              {
                "cluster_ipv4_cidr_block": "10.116.0.0/14",
                "cluster_secondary_range_name": "gke-tf-eb-cluster-pods-45eeccdf",
                "services_ipv4_cidr_block": "10.120.0.0/20",
                "services_secondary_range_name": "gke-tf-eb-cluster-services-45eeccdf"
              }
            ],
            "label_fingerprint": "a9dc16a7",
            "location": "asia-northeast3",
            "logging_config": [
              {
                "enable_components": [
                  "SYSTEM_COMPONENTS",
                  "WORKLOADS"
                ]
              }
            ],
            "logging_service": "logging.googleapis.com/kubernetes",
            "maintenance_policy": [],
            "master_auth": [
              {
                "client_certificate": "",
                "client_certificate_config": [
                  {
                    "issue_client_certificate": false
                  }
                ],
                "client_key": "",
                "cluster_ca_certificate": "LS0tLS1CRUdJTiBDRVJUSUZJQ0FURS0tLS0tCk1JSUVMRENDQXBTZ0F3SUJBZ0lRUE1jNEFFUWRkcG5NQmlrMDFWS0FDREFOQmdrcWhraUc5dzBCQVFzRkFEQXYKTVMwd0t3WURWUVFERXlSaFptWmlaVFpoTlMxa05tUTNMVFEyWlRndFlqZ3lZeTB4T1RJeVpUaGxPVFkyTnpjdwpJQmNOTWpJeE1URTNNREUwTXpRNVdoZ1BNakExTWpFeE1Ea3dNalF6TkRsYU1DOHhMVEFyQmdOVkJBTVRKR0ZtClptSmxObUUxTFdRMlpEY3RORFpsT0MxaU9ESmpMVEU1TWpKbE9HVTVOalkzTnpDQ0FhSXdEUVlKS29aSWh2Y04KQVFFQkJRQURnZ0dQQURDQ0FZb0NnZ0dCQU9ZL1ZLNzBFY1lDRFlYQ21nT1ZaYnFZTURwQWYrSUxMUG12MDUrcwp2dzNSYVhZWXNEaXErOStaenpCcGZoQkhiS2dwUzB3NElHaVF6d1czdFhvVVJrb0I5Y0tRYkZxRlFOVTdZNUJuCjZ6dGNQVGE3RDRoZVZTZTFTK2FoOHNKUjA3dGxCRjZKZFFVKzBVTExmd1lyYVBSaldmYkplVUIva3N0ZHBzZWoKKzhGZkFjaklxa2tYVEpLcFZWN2NrR1BzL2FTT08rMldoYkdRdkFnTFFFa1UvWkNBRUF3NkhXNUlpRHdjMVI5agpnQ00yS25jQ0x5STVKZFY3M0tHYWFKYUxudzhVd2x6K0sxZUxJeVFjTmtQYUFrUndxSjdvSWovUkgyMHBjWVZjCllzcEVMOUxLVklyVmViMnY3U05Cbi9WblhQb3N1NnVCNjNhSnRVRXY1Y2ZEOS90aGRvYVg4eDNpemVKUytxY3gKK2xjMkp1N0wyc3B1OGJFU3lWYlBMUW0xWmtSRFlpRitRM1ZqenlZSG9RMVE1N0RWcEVsKytjekR2dURpTysxaApkNVcyYmhPUXF6d09oTlNqd3BFclNKNDk5UmhKWGQ1OGJ5VEp2VGU4QVBuSjF1a283b3REc0hoU3dLd0V2RGM3CkNGNitDZmhsUHFuN21teDR2ZHJtMU1IQmp3SURBUUFCbzBJd1FEQU9CZ05WSFE4QkFmOEVCQU1DQWdRd0R3WUQKVlIwVEFRSC9CQVV3QXdFQi96QWRCZ05WSFE0RUZnUVU5bTQvL0NLMzV6YTdVQzIrZzdYSW9YdU5sZDh3RFFZSgpLb1pJaHZjTkFRRUxCUUFEZ2dHQkFJblZISzVoNzA0UTBzQmVzMFlieXpjc2dIVG9PZ1hqblR0M3o4MEtIOTRqCm91RUp6MkRSNnVaQUhGc1J6U0N3N2RyeHY1YU5kV0orT21YUEhxNC90QXI3RldSY2lCU0w0VHl1dW8wK082amQKN0s2MEROTXFsV1lkQklpOU42Y1JFSTR4bUZGU09PNkd3RW5Xei9HUVp6OTROT2ZySHpUMldKMS96eDBxd3l4Ywo5NEphVEtuOS9vNU80YkkxTTM2bmFNOUcvQVhqSkQ4Z2J6NVVQWHZVWG9zdDJSU29jY3h3N0MwVkZjeWNNcVJ1CkJ1cDk3dnRkeTlWRmZtVWt0em9GZ25JbFF5MFh6dFd6b2c2QkJWWStjUk93UWxtNWVxQVFGMjcxbWxkVU05T0EKaFUvS1lhVzljc1ROU3V6OHZRM1JjVVdEZEhUQ0Z6UWRZTHlXNEVGMTl4Y2xtdXlDOFN5a2I5a3lDSVI4RStzcApHdzRBMEw0ek52bGVLWDBIQUNtdzAxL2NiYnFIU0xQRVM3OERHdkprUGJNekk4SlY4K3d1Ymw5WTBhVzVXSDhRCk53ZmtaTDE3KytpVmFqTGpmZDg1QzdOYW1BK05xNGdKTFB1Y2VVWWRHS2VlcFk5R0U0K3ZOdm9JNWF1YnNHOVcKRzZ0bmFvdzNpTndVK05JTlNNYmVadz09Ci0tLS0tRU5EIENFUlRJRklDQVRFLS0tLS0K"
              }
            ],
            "master_authorized_networks_config": [],
            "master_version": "1.23.8-gke.1900",
            "mesh_certificates": [],
            "min_master_version": null,
            "monitoring_config": [
              {
                "enable_components": [
                  "SYSTEM_COMPONENTS"
                ]
              }
            ],
            "monitoring_service": "monitoring.googleapis.com/kubernetes",
            "name": "tf-eb-cluster",
            "network": "projects/eunoia0523/global/networks/tf-vpc",
            "network_policy": [
              {
                "enabled": false,
                "provider": "PROVIDER_UNSPECIFIED"
              }
            ],
            "networking_mode": "VPC_NATIVE",
            "node_config": [
              {
                "boot_disk_kms_key": "",
                "disk_size_gb": 100,
                "disk_type": "pd-standard",
                "gcfs_config": [],
                "guest_accelerator": [],
                "gvnic": [],
                "image_type": "COS_CONTAINERD",
                "labels": {},
                "local_ssd_count": 0,
                "machine_type": "e2-medium",
                "metadata": {
                  "disable-legacy-endpoints": "true"
                },
                "min_cpu_platform": "",
                "node_group": "",
                "oauth_scopes": [
                  "https://www.googleapis.com/auth/devstorage.read_only",
                  "https://www.googleapis.com/auth/logging.write",
                  "https://www.googleapis.com/auth/monitoring",
                  "https://www.googleapis.com/auth/service.management.readonly",
                  "https://www.googleapis.com/auth/servicecontrol",
                  "https://www.googleapis.com/auth/trace.append"
                ],
                "preemptible": false,
                "reservation_affinity": [],
                "service_account": "default",
                "shielded_instance_config": [
                  {
                    "enable_integrity_monitoring": true,
                    "enable_secure_boot": false
                  }
                ],
                "spot": false,
                "tags": [],
                "taint": [],
                "workload_metadata_config": []
              }
            ],
            "node_locations": [
              "asia-northeast3-a",
              "asia-northeast3-b",
              "asia-northeast3-c"
            ],
            "node_pool": [
              {
                "autoscaling": [],
                "initial_node_count": 1,
                "instance_group_urls": [
                  "https://www.googleapis.com/compute/v1/projects/eunoia0523/zones/asia-northeast3-a/instanceGroupManagers/gke-tf-eb-cluster-default-pool-2e996ea2-grp",
                  "https://www.googleapis.com/compute/v1/projects/eunoia0523/zones/asia-northeast3-b/instanceGroupManagers/gke-tf-eb-cluster-default-pool-12f5485d-grp",
                  "https://www.googleapis.com/compute/v1/projects/eunoia0523/zones/asia-northeast3-c/instanceGroupManagers/gke-tf-eb-cluster-default-pool-49be6a16-grp"
                ],
                "managed_instance_group_urls": [
                  "https://www.googleapis.com/compute/v1/projects/eunoia0523/zones/asia-northeast3-a/instanceGroups/gke-tf-eb-cluster-default-pool-2e996ea2-grp",
                  "https://www.googleapis.com/compute/v1/projects/eunoia0523/zones/asia-northeast3-b/instanceGroups/gke-tf-eb-cluster-default-pool-12f5485d-grp",
                  "https://www.googleapis.com/compute/v1/projects/eunoia0523/zones/asia-northeast3-c/instanceGroups/gke-tf-eb-cluster-default-pool-49be6a16-grp"
                ],
                "management": [
                  {
                    "auto_repair": true,
                    "auto_upgrade": true
                  }
                ],
                "max_pods_per_node": 110,
                "name": "default-pool",
                "name_prefix": "",
                "node_config": [
                  {
                    "boot_disk_kms_key": "",
                    "disk_size_gb": 100,
                    "disk_type": "pd-standard",
                    "gcfs_config": [],
                    "guest_accelerator": [],
                    "gvnic": [],
                    "image_type": "COS_CONTAINERD",
                    "labels": {},
                    "local_ssd_count": 0,
                    "machine_type": "e2-medium",
                    "metadata": {
                      "disable-legacy-endpoints": "true"
                    },
                    "min_cpu_platform": "",
                    "node_group": "",
                    "oauth_scopes": [
                      "https://www.googleapis.com/auth/devstorage.read_only",
                      "https://www.googleapis.com/auth/logging.write",
                      "https://www.googleapis.com/auth/monitoring",
                      "https://www.googleapis.com/auth/service.management.readonly",
                      "https://www.googleapis.com/auth/servicecontrol",
                      "https://www.googleapis.com/auth/trace.append"
                    ],
                    "preemptible": false,
                    "reservation_affinity": [],
                    "service_account": "default",
                    "shielded_instance_config": [
                      {
                        "enable_integrity_monitoring": true,
                        "enable_secure_boot": false
                      }
                    ],
                    "spot": false,
                    "tags": [],
                    "taint": [],
                    "workload_metadata_config": []
                  }
                ],
                "node_count": 1,
                "node_locations": [
                  "asia-northeast3-a",
                  "asia-northeast3-b",
                  "asia-northeast3-c"
                ],
                "upgrade_settings": [
                  {
                    "max_surge": 1,
                    "max_unavailable": 0
                  }
                ],
                "version": "1.23.8-gke.1900"
              }
            ],
            "node_version": "1.23.8-gke.1900",
            "notification_config": [
              {
                "pubsub": [
                  {
                    "enabled": false,
                    "filter": [],
                    "topic": ""
                  }
                ]
              }
            ],
            "operation": null,
            "private_cluster_config": [
              {
                "enable_private_endpoint": false,
                "enable_private_nodes": false,
                "master_global_access_config": [
                  {
                    "enabled": false
                  }
                ],
                "master_ipv4_cidr_block": "",
                "peering_name": "",
                "private_endpoint": "10.0.0.2",
                "public_endpoint": "34.64.196.163"
              }
            ],
            "private_ipv6_google_access": "",
            "project": "eunoia0523",
            "release_channel": [
              {
                "channel": "REGULAR"
              }
            ],
            "remove_default_node_pool": null,
            "resource_labels": {},
            "resource_usage_export_config": [],
            "self_link": "https://container.googleapis.com/v1/projects/eunoia0523/locations/asia-northeast3/clusters/tf-eb-cluster",
            "service_external_ips_config": [
              {
                "enabled": false
              }
            ],
            "services_ipv4_cidr": "10.120.0.0/20",
            "subnetwork": "projects/eunoia0523/regions/asia-northeast3/subnetworks/tf-subnet",
            "timeouts": null,
            "tpu_ipv4_cidr_block": "",
            "vertical_pod_autoscaling": [],
            "workload_identity_config": []
          },
          "sensitive_attributes": [],
          "private": "eyJlMmJmYjczMC1lY2FhLTExZTYtOGY4OC0zNDM2M2JjN2M0YzAiOnsiY3JlYXRlIjoyNDAwMDAwMDAwMDAwLCJkZWxldGUiOjI0MDAwMDAwMDAwMDAsInJlYWQiOjI0MDAwMDAwMDAwMDAsInVwZGF0ZSI6MzYwMDAwMDAwMDAwMH0sInNjaGVtYV92ZXJzaW9uIjoiMSJ9",
          "dependencies": [
            "google_compute_network.tf_vpc",
            "google_compute_subnetwork.tf_subnet"
          ]
        }
      ]
    }
  ],
  "check_results": null
}
